
Microsoft Visual Studio Solution File, Format Version 12.00
# Visual Studio Version 16
VisualStudioVersion = 16.0.30114.105
MinimumVisualStudioVersion = 10.0.40219.1
Project("{2150E333-8FDC-42A3-9474-1A3956D46DE8}") = "src", "src", "{38D3DF0A-0B13-44D6-9D19-79F06EBB93C5}"
EndProject
Project("{9A19103F-16F7-4668-BE54-9A1E7A4F7556}") = "IdentityServerAspNetIdentity", "src\IdentityServerAspNetIdentity\IdentityServerAspNetIdentity.csproj", "{82B570A6-E8B9-49D4-88BE-11F3A5F59F49}"
EndProject
Project("{9A19103F-16F7-4668-BE54-9A1E7A4F7556}") = "Api", "src\Api\Api.csproj", "{CAF7D95A-4F7F-4F19-B7B1-AD8D0953A616}"
EndProject
Project("{9A19103F-16F7-4668-BE54-9A1E7A4F7556}") = "Client", "src\Client\Client.csproj", "{77492796-C87D-4D9D-8114-0F776007F76B}"
EndProject
Project("{9A19103F-16F7-4668-BE54-9A1E7A4F7556}") = "MvcClient", "src\MvcClient\MvcClient.csproj", "{C71ABE20-0744-4E37-86F0-E709A95A4561}"
EndProject
Global
	GlobalSection(SolutionConfigurationPlatforms) = preSolution
		Debug|Any CPU = Debug|Any CPU
		Debug|x64 = Debug|x64
		Debug|x86 = Debug|x86
		Release|Any CPU = Release|Any CPU
		Release|x64 = Release|x64
		Release|x86 = Release|x86
	EndGlobalSection
	GlobalSection(ProjectConfigurationPlatforms) = postSolution
		{82B570A6-E8B9-49D4-88BE-11F3A5F59F49}.Debug|Any CPU.ActiveCfg = Debug|Any CPU
		{82B570A6-E8B9-49D4-88BE-11F3A5F59F49}.Debug|Any CPU.Build.0 = Debug|Any CPU
		{82B570A6-E8B9-49D4-88BE-11F3A5F59F49}.Debug|x64.ActiveCfg = Debug|Any CPU
		{82B570A6-E8B9-49D4-88BE-11F3A5F59F49}.Debug|x64.Build.0 = Debug|Any CPU
		{82B570A6-E8B9-49D4-88BE-11F3A5F59F49}.Debug|x86.ActiveCfg = Debug|Any CPU
		{82B570A6-E8B9-49D4-88BE-11F3A5F59F49}.Debug|x86.Build.0 = Debug|Any CPU
		{82B570A6-E8B9-49D4-88BE-11F3A5F59F49}.Release|Any CPU.ActiveCfg = Release|Any CPU
		{82B570A6-E8B9-49D4-88BE-11F3A5F59F49}.Release|Any CPU.Build.0 = Release|Any CPU
		{82B570A6-E8B9-49D4-88BE-11F3A5F59F49}.Release|x64.ActiveCfg = Release|Any CPU
		{82B570A6-E8B9-49D4-88BE-11F3A5F59F49}.Release|x64.Build.0 = Release|Any CPU
		{82B570A6-E8B9-49D4-88BE-11F3A5F59F49}.Release|x86.ActiveCfg = Release|Any CPU
		{82B570A6-E8B9-49D4-88BE-11F3A5F59F49}.Release|x86.Build.0 = Release|Any CPU
		{CAF7D95A-4F7F-4F19-B7B1-AD8D0953A616}.Debug|Any CPU.ActiveCfg = Debug|Any CPU
		{CAF7D95A-4F7F-4F19-B7B1-AD8D0953A616}.Debug|Any CPU.Build.0 = Debug|Any CPU
		{CAF7D95A-4F7F-4F19-B7B1-AD8D0953A616}.Debug|x64.ActiveCfg = Debug|Any CPU
		{CAF7D95A-4F7F-4F19-B7B1-AD8D0953A616}.Debug|x64.Build.0 = Debug|Any CPU
		{CAF7D95A-4F7F-4F19-B7B1-AD8D0953A616}.Debug|x86.ActiveCfg = Debug|Any CPU
		{CAF7D95A-4F7F-4F19-B7B1-AD8D0953A616}.Debug|x86.Build.0 = Debug|Any CPU
		{CAF7D95A-4F7F-4F19-B7B1-AD8D0953A616}.Release|Any CPU.ActiveCfg = Release|Any CPU
		{CAF7D95A-4F7F-4F19-B7B1-AD8D0953A616}.Release|Any CPU.Build.0 = Release|Any CPU
		{CAF7D95A-4F7F-4F19-B7B1-AD8D0953A616}.Release|x64.ActiveCfg = Release|Any CPU
		{CAF7D95A-4F7F-4F19-B7B1-AD8D0953A616}.Release|x64.Build.0 = Release|Any CPU
		{CAF7D95A-4F7F-4F19-B7B1-AD8D0953A616}.Release|x86.ActiveCfg = Release|Any CPU
		{CAF7D95A-4F7F-4F19-B7B1-AD8D0953A616}.Release|x86.Build.0 = Release|Any CPU
		{77492796-C87D-4D9D-8114-0F776007F76B}.Debug|Any CPU.ActiveCfg = Debug|Any CPU
		{77492796-C87D-4D9D-8114-0F776007F76B}.Debug|Any CPU.Build.0 = Debug|Any CPU
		{77492796-C87D-4D9D-8114-0F776007F76B}.Debug|x64.ActiveCfg = Debug|Any CPU
		{77492796-C87D-4D9D-8114-0F776007F76B}.Debug|x64.Build.0 = Debug|Any CPU
		{77492796-C87D-4D9D-8114-0F776007F76B}.Debug|x86.ActiveCfg = Debug|Any CPU
		{77492796-C87D-4D9D-8114-0F776007F76B}.Debug|x86.Build.0 = Debug|Any CPU
		{77492796-C87D-4D9D-8114-0F776007F76B}.Release|Any CPU.ActiveCfg = Release|Any CPU
		{77492796-C87D-4D9D-8114-0F776007F76B}.Release|Any CPU.Build.0 = Release|Any CPU
		{77492796-C87D-4D9D-8114-0F776007F76B}.Release|x64.ActiveCfg = Release|Any CPU
		{77492796-C87D-4D9D-8114-0F776007F76B}.Release|x64.Build.0 = Release|Any CPU
		{77492796-C87D-4D9D-8114-0F776007F76B}.Release|x86.ActiveCfg = Release|Any CPU
		{77492796-C87D-4D9D-8114-0F776007F76B}.Release|x86.Build.0 = Release|Any CPU
		{C71ABE20-0744-4E37-86F0-E709A95A4561}.Debug|Any CPU.ActiveCfg = Debug|Any CPU
		{C71ABE20-0744-4E37-86F0-E709A95A4561}.Debug|Any CPU.Build.0 = Debug|Any CPU
		{C71ABE20-0744-4E37-86F0-E709A95A4561}.Debug|x64.ActiveCfg = Debug|Any CPU
		{C71ABE20-0744-4E37-86F0-E709A95A4561}.Debug|x64.Build.0 = Debug|Any CPU
		{C71ABE20-0744-4E37-86F0-E709A95A4561}.Debug|x86.ActiveCfg = Debug|Any CPU
		{C71ABE20-0744-4E37-86F0-E709A95A4561}.Debug|x86.Build.0 = Debug|Any CPU
		{C71ABE20-0744-4E37-86F0-E709A95A4561}.Release|Any CPU.ActiveCfg = Release|Any CPU
		{C71ABE20-0744-4E37-86F0-E709A95A4561}.Release|Any CPU.Build.0 = Release|Any CPU
		{C71ABE20-0744-4E37-86F0-E709A95A4561}.Release|x64.ActiveCfg = Release|Any CPU
		{C71ABE20-0744-4E37-86F0-E709A95A4561}.Release|x64.Build.0 = Release|Any CPU
		{C71ABE20-0744-4E37-86F0-E709A95A4561}.Release|x86.ActiveCfg = Release|Any CPU
		{C71ABE20-0744-4E37-86F0-E709A95A4561}.Release|x86.Build.0 = Release|Any CPU
	EndGlobalSection
	GlobalSection(SolutionProperties) = preSolution
		HideSolutionNode = FALSE
	EndGlobalSection
	GlobalSection(NestedProjects) = preSolution
		{82B570A6-E8B9-49D4-88BE-11F3A5F59F49} = {38D3DF0A-0B13-44D6-9D19-79F06EBB93C5}
		{CAF7D95A-4F7F-4F19-B7B1-AD8D0953A616} = {38D3DF0A-0B13-44D6-9D19-79F06EBB93C5}
		{77492796-C87D-4D9D-8114-0F776007F76B} = {38D3DF0A-0B13-44D6-9D19-79F06EBB93C5}
		{C71ABE20-0744-4E37-86F0-E709A95A4561} = {38D3DF0A-0B13-44D6-9D19-79F06EBB93C5}
	EndGlobalSection
	GlobalSection(ExtensibilityGlobals) = postSolution
		SolutionGuid = {4BC629FF-C540-486E-9CD6-5B7536948744}
	EndGlobalSection
EndGlobal
